
Microsoft Visual Studio Solution File, Format Version 12.00
# Visual Studio Version 17
VisualStudioVersion = 17.5.33530.505
MinimumVisualStudioVersion = 10.0.40219.1
Project("{FAE04EC0-301F-11D3-BF4B-00C04F79EFBC}") = "Workers Data", "Workers Data.csproj", "{A8393C44-B097-4684-AF1E-88018B1CFE52}"
EndProject
Global
	GlobalSection(SolutionConfigurationPlatforms) = preSolution
		Debug|Any CPU = Debug|Any CPU
		Release|Any CPU = Release|Any CPU
	EndGlobalSection
	GlobalSection(ProjectConfigurationPlatforms) = postSolution
		{A8393C44-B097-4684-AF1E-88018B1CFE52}.Debug|Any CPU.ActiveCfg = Debug|Any CPU
		{A8393C44-B097-4684-AF1E-88018B1CFE52}.Debug|Any CPU.Build.0 = Debug|Any CPU
		{A8393C44-B097-4684-AF1E-88018B1CFE52}.Release|Any CPU.ActiveCfg = Release|Any CPU
		{A8393C44-B097-4684-AF1E-88018B1CFE52}.Release|Any CPU.Build.0 = Release|Any CPU
	EndGlobalSection
	GlobalSection(SolutionProperties) = preSolution
		HideSolutionNode = FALSE
	EndGlobalSection
	GlobalSection(ExtensibilityGlobals) = postSolution
		SolutionGuid = {AB27F08F-AB64-47A2-9FE7-1C3D05638415}
	EndGlobalSection
EndGlobal
